# THIS IS AN AUTOGENERATED FILE. DO NOT EDIT THIS FILE DIRECTLY.
# yarn lockfile v1


"@ant-design/colors@^6.0.0":
  version "6.0.0"
  resolved "https://registry.yarnpkg.com/@ant-design/colors/-/colors-6.0.0.tgz#9b9366257cffcc47db42b9d0203bb592c13c0298"
  integrity sha512-qAZRvPzfdWHtfameEGP2Qvuf838NhergR35o+EuVyB5XvSA98xod5r4utvi4TJ3ywmevm290g9nsCG5MryrdWQ==
  dependencies:
    "@ctrl/tinycolor" "^3.4.0"

"@ant-design/cssinjs@^1.0.0":
  version "1.3.0"
  resolved "https://registry.yarnpkg.com/@ant-design/cssinjs/-/cssinjs-1.3.0.tgz#b5a2efb79473d68046eaff304160db30649dea6f"
  integrity sha512-E4xXvN0EPNcnbU0i93Ek0Ch6zVA4BE2ldVvJ0AvmnEmFIMwiS+44O4Ug2Gxbvjl8Bmcb0t1wqVu7rxk3KBeuRQ==
  dependencies:
    "@babel/runtime" "^7.11.1"
    "@emotion/hash" "^0.8.0"
    "@emotion/unitless" "^0.7.5"
    classnames "^2.3.1"
    csstype "^3.0.10"
    rc-util "^5.24.2"
    shallowequal "^1.1.0"
    stylis "^4.0.13"

"@ant-design/icons-svg@^4.2.1":
  version "4.2.1"
  resolved "https://registry.yarnpkg.com/@ant-design/icons-svg/-/icons-svg-4.2.1.tgz#8630da8eb4471a4aabdaed7d1ff6a97dcb2cf05a"
  integrity sha512-EB0iwlKDGpG93hW8f85CTJTs4SvMX7tt5ceupvhALp1IF44SeUFOMhKUOYqpsoYWQKAOuTRDMqn75rEaKDp0Xw==

"@ant-design/icons@^4.7.0":
  version "4.8.0"
  resolved "https://registry.yarnpkg.com/@ant-design/icons/-/icons-4.8.0.tgz#3084e2bb494cac3dad6c0392f77c1efc90ee1fa4"
  integrity sha512-T89P2jG2vM7OJ0IfGx2+9FC5sQjtTzRSz+mCHTXkFn/ELZc2YpfStmYHmqzq2Jx55J0F7+O6i5/ZKFSVNWCKNg==
  dependencies:
    "@ant-design/colors" "^6.0.0"
    "@ant-design/icons-svg" "^4.2.1"
    "@babel/runtime" "^7.11.2"
    classnames "^2.2.6"
    rc-util "^5.9.4"

"@ant-design/react-slick@~1.0.0":
  version "1.0.0"
  resolved "https://registry.yarnpkg.com/@ant-design/react-slick/-/react-slick-1.0.0.tgz#4696eecaa2dea0429e47ae24c267015cfd6df35c"
  integrity sha512-OKxZsn8TAf8fYxP79rDXgLs9zvKMTslK6dJ4iLhDXOujUqC5zJPBRszyrcEHXcMPOm1Sgk40JgyF3yiL/Swd7w==
  dependencies:
    "@babel/runtime" "^7.10.4"
    classnames "^2.2.5"
    json2mq "^0.2.0"
    resize-observer-polyfill "^1.5.1"
    throttle-debounce "^5.0.0"

"@babel/runtime@^7.10.1", "@babel/runtime@^7.10.4", "@babel/runtime@^7.11.1", "@babel/runtime@^7.11.2", "@babel/runtime@^7.12.5", "@babel/runtime@^7.16.7", "@babel/runtime@^7.18.0", "@babel/runtime@^7.18.3", "@babel/runtime@^7.20.0":
  version "7.20.7"
  resolved "https://registry.yarnpkg.com/@babel/runtime/-/runtime-7.20.7.tgz#fcb41a5a70550e04a7b708037c7c32f7f356d8fd"
  integrity sha512-UF0tvkUtxwAgZ5W/KrkHf0Rn0fdnLDU9ScxBrEVNUprE/MzirjK4MJUX1/BVDv00Sv8cljtukVK1aky++X1SjQ==
  dependencies:
    regenerator-runtime "^0.13.11"

"@ctrl/tinycolor@^3.4.0":
  version "3.5.0"
  resolved "https://registry.yarnpkg.com/@ctrl/tinycolor/-/tinycolor-3.5.0.tgz#6e52b3d1c38d13130101771821e09cdd414a16bc"
  integrity sha512-tlJpwF40DEQcfR/QF+wNMVyGMaO9FQp6Z1Wahj4Gk3CJQYHwA2xVG7iKDFdW6zuxZY9XWOpGcfNCTsX4McOsOg==

"@emotion/hash@^0.8.0":
  version "0.8.0"
  resolved "https://registry.yarnpkg.com/@emotion/hash/-/hash-0.8.0.tgz#bbbff68978fefdbe68ccb533bc8cbe1d1afb5413"
  integrity sha512-kBJtf7PH6aWwZ6fka3zQ0p6SBYzx4fl1LoZXE2RrnYST9Xljm7WfKJrU4g/Xr3Beg72MLrp1AWNUmuYJTL7Cow==

"@emotion/unitless@^0.7.5":
  version "0.7.5"
  resolved "https://registry.yarnpkg.com/@emotion/unitless/-/unitless-0.7.5.tgz#77211291c1900a700b8a78cfafda3160d76949ed"
  integrity sha512-OWORNpfjMsSSUBVrRBVGECkhWcULOAJz9ZW8uK9qgxD+87M7jHRcvh/A96XXNhXTLmKcoYSQtBEX7lHMO7YRwg==

"@next/env@13.1.0":
  version "13.1.0"
  resolved "https://registry.yarnpkg.com/@next/env/-/env-13.1.0.tgz#fdb4d4711c6bd544dd80f0afd9846af2699b8c1c"
  integrity sha512-6iNixFzCndH+Bl4FetQzOMjxCJqg8fs0LAlZviig1K6mIjOWH2m2oPcHcOg1Ta5VCe7Bx5KG1Hs+NrWDUkBt9A==

"@next/font@13.1.0":
  version "13.1.0"
  resolved "https://registry.yarnpkg.com/@next/font/-/font-13.1.0.tgz#2f344ebd64013c3f08991df5995f6900e2077941"
  integrity sha512-9+c2eWoeLftcGAul1fiXD8lL4o4/0beQrz2/0h0B0VV5AWrqCCfj/204quUxdp541ab+NCWVX/m49qjbqFMaFA==

"@next/swc-android-arm-eabi@13.1.0":
  version "13.1.0"
  resolved "https://registry.yarnpkg.com/@next/swc-android-arm-eabi/-/swc-android-arm-eabi-13.1.0.tgz#b754f03c1af5572e950993b00cbc189d063e7642"
  integrity sha512-ANBZZRjZBV+Sii11ZVxbxSvfIi6dZwu4w+XnJBDmz+0/wtAigpjYWyMkuWZ/RCD7INdusOlU4EgJ99WzWGIDjA==

"@next/swc-android-arm64@13.1.0":
  version "13.1.0"
  resolved "https://registry.yarnpkg.com/@next/swc-android-arm64/-/swc-android-arm64-13.1.0.tgz#8794b4c1680ed8825b9a0e9ae5b3d14cd0ad9f07"
  integrity sha512-nPwbkS3aZjCIe61wztgjXjIeylijOP8uGtDGjjJVUF3B/5GLVx3ngZu6tjPTMEgaLM0u//HuGK+aZolWUQWE4g==

"@next/swc-darwin-arm64@13.1.0":
  version "13.1.0"
  resolved "https://registry.yarnpkg.com/@next/swc-darwin-arm64/-/swc-darwin-arm64-13.1.0.tgz#c7aeb19e53ee06f333b3af1a192a9a5b5b583755"
  integrity sha512-0hUydiAW18jK2uGPnZRdnRQtdB/3ZoPo84A6zH7MJHxAWw9lzVsv3kMg9kgVBBlrivzqdNN8rdgA+eYNxzXU9w==

"@next/swc-darwin-x64@13.1.0":
  version "13.1.0"
  resolved "https://registry.yarnpkg.com/@next/swc-darwin-x64/-/swc-darwin-x64-13.1.0.tgz#2efe163863cf8a72d71b9f72b31b6c1c94f7213a"
  integrity sha512-3S3iQqJIysklj0Q9gnanuYMzF8H9p+fUVhvSHxVVLcKH4HsE8EGddNkXsaOyznL1kC6vGKw7h6uz1ojaXEafCA==

"@next/swc-freebsd-x64@13.1.0":
  version "13.1.0"
  resolved "https://registry.yarnpkg.com/@next/swc-freebsd-x64/-/swc-freebsd-x64-13.1.0.tgz#bf80e44d0aae021104a4c80f1056d0b13f1b7ba7"
  integrity sha512-wAgzwm/em48GIuWq3OYr0BpncMy7c+UA3hsyX+xKh/vb/sOIpQly7JTa+GNdk17s7kprhMfsgzPG3da36NLpkA==

"@next/swc-linux-arm-gnueabihf@13.1.0":
  version "13.1.0"
  resolved "https://registry.yarnpkg.com/@next/swc-linux-arm-gnueabihf/-/swc-linux-arm-gnueabihf-13.1.0.tgz#71ecac0482bfc7ad4bbe15ae7609cc8119772a0c"
  integrity sha512-Cr2hzL7ad+4nj9KrR1Cz1RDcsWa61X6I7gc6PToRYIY4gL480Sijq19xo7dlXQPnr1viVzbNiNnNXZASHv7uvw==

"@next/swc-linux-arm64-gnu@13.1.0":
  version "13.1.0"
  resolved "https://registry.yarnpkg.com/@next/swc-linux-arm64-gnu/-/swc-linux-arm64-gnu-13.1.0.tgz#212c2e3f092c8de9a97bbb13a2754271ec38ad90"
  integrity sha512-EjCIKfeZB9h72evL2yGNwBvE5Im96Zn7o2zxImlvCiUYb/xXDqn4hzhck035BSP3g3sGDLfijFTE1wKRyXIk4w==

"@next/swc-linux-arm64-musl@13.1.0":
  version "13.1.0"
  resolved "https://registry.yarnpkg.com/@next/swc-linux-arm64-musl/-/swc-linux-arm64-musl-13.1.0.tgz#950c757b929b84aa359f3f9c3a5d90704d5c8f45"
  integrity sha512-WAsZtCtPXlz/7/bnW9ryw856xEun+c6xSwZwbcvrMxtcSiW3z0LD91Nsj3AkexsjRtBjeEpNeVtDExqF2VKKSA==

"@next/swc-linux-x64-gnu@13.1.0":
  version "13.1.0"
  resolved "https://registry.yarnpkg.com/@next/swc-linux-x64-gnu/-/swc-linux-x64-gnu-13.1.0.tgz#f60582199b2d2ba763deb3355e205733bf408c20"
  integrity sha512-Tjd5gieI3X9vPce5yF+GsQxOl0jwUkyOrTR1g5PQr+bT/9Qos/yPL48H1L5ayEp0hxgLVPW7skGal7lVnAoVEQ==

"@next/swc-linux-x64-musl@13.1.0":
  version "13.1.0"
  resolved "https://registry.yarnpkg.com/@next/swc-linux-x64-musl/-/swc-linux-x64-musl-13.1.0.tgz#3a95a243521f5d07985aa6308200d3834e73282b"
  integrity sha512-H9UMEQv40e9pkgdX4mCms0dDf2dimmZ6WXhDTWF/yIh9icgcsHaP73BJ9IFlgvh80wLiUgWZ3LAX4vXnXzidmg==

"@next/swc-win32-arm64-msvc@13.1.0":
  version "13.1.0"
  resolved "https://registry.yarnpkg.com/@next/swc-win32-arm64-msvc/-/swc-win32-arm64-msvc-13.1.0.tgz#7cc6d467c769dff23ecb9c3953b4429e4ca9f3f8"
  integrity sha512-LFFIKjW/cPl4wvG8HF/6oYPJZ+Jy32G3FUflC8UW1Od6W9yOSEvadhk9fMyDZN4cgsNOcVc3uVSMpcuuCpbDGw==

"@next/swc-win32-ia32-msvc@13.1.0":
  version "13.1.0"
  resolved "https://registry.yarnpkg.com/@next/swc-win32-ia32-msvc/-/swc-win32-ia32-msvc-13.1.0.tgz#7bf1ed77d80b86c04cea12ecdf6ac4bf54b5160c"
  integrity sha512-MBLaoHZSenMdxhB3Ww1VNEhjyPT3uLjzAi5Ygk48LLLbOGu5KxQolhINRrqGuJWqJRNWSJ9JSFBfJrZwQzrUew==

"@next/swc-win32-x64-msvc@13.1.0":
  version "13.1.0"
  resolved "https://registry.yarnpkg.com/@next/swc-win32-x64-msvc/-/swc-win32-x64-msvc-13.1.0.tgz#2e23251a84b95182249132480d55fb122a7ae4f0"
  integrity sha512-fFTfIQvnmpbKoyh4v3ezlGqtERlgc2Sx8qJwPuYqoVi0V08wCx9wp2Iq1CINxP3UMHkEeNX7gYpDOd+9Cw9EiQ==

"@rc-component/mini-decimal@^1.0.1":
  version "1.0.1"
  resolved "https://registry.yarnpkg.com/@rc-component/mini-decimal/-/mini-decimal-1.0.1.tgz#e5dbc20a6a5b0e234d279bc71ce730ab865d3910"
  integrity sha512-9N8nRk0oKj1qJzANKl+n9eNSMUGsZtjwNuDCiZ/KA+dt1fE3zq5x2XxclRcAbOIXnZcJ53ozP2Pa60gyELXagA==
  dependencies:
    "@babel/runtime" "^7.18.0"

"@rc-component/portal@^1.0.0-6", "@rc-component/portal@^1.0.0-8", "@rc-component/portal@^1.0.0-9", "@rc-component/portal@^1.0.2":
  version "1.1.0"
  resolved "https://registry.yarnpkg.com/@rc-component/portal/-/portal-1.1.0.tgz#6b94450d2c2b00d50b141bd7a0be23bd96503dbe"
  integrity sha512-tbXM9SB1r5FOuZjRCljERFByFiEUcMmCWMXLog/NmgCzlAzreXyf23Vei3ZpSMxSMavzPnhCovfZjZdmxS3d1w==
  dependencies:
    "@babel/runtime" "^7.18.0"
    classnames "^2.3.2"
    rc-util "^5.24.4"

"@rc-component/tour@~1.1.0":
  version "1.1.0"
  resolved "https://registry.yarnpkg.com/@rc-component/tour/-/tour-1.1.0.tgz#17b43b5c0bdfb6a8ab3027b1977d960952616d9e"
  integrity sha512-Cy45VnNEDq6DLF5eKonIflObDfofbPq7AJpSf18qLN+j9+wW+sNlRv3JnCMDUsCdhSlnM4+yJ1RMokKp9GCpOQ==
  dependencies:
    "@babel/runtime" "^7.18.0"
    "@rc-component/portal" "^1.0.0-9"
    classnames "^2.3.2"
    rc-trigger "^5.3.4"
    rc-util "^5.24.4"

"@swc/helpers@0.4.14":
  version "0.4.14"
  resolved "https://registry.yarnpkg.com/@swc/helpers/-/helpers-0.4.14.tgz#1352ac6d95e3617ccb7c1498ff019654f1e12a74"
  integrity sha512-4C7nX/dvpzB7za4Ql9K81xK3HPxCpHMgwTZVyf+9JQ6VUbn9jjZVN7/Nkdz/Ugzs2CSjqnL/UPXroiVBVHUWUw==
  dependencies:
    tslib "^2.4.0"

"@types/node@18.11.17":
  version "18.11.17"
  resolved "https://registry.yarnpkg.com/@types/node/-/node-18.11.17.tgz#5c009e1d9c38f4a2a9d45c0b0c493fe6cdb4bcb5"
  integrity sha512-HJSUJmni4BeDHhfzn6nF0sVmd1SMezP7/4F0Lq+aXzmp2xm9O7WXrUtHW/CHlYVtZUbByEvWidHqRtcJXGF2Ng==

"@types/prop-types@*":
  version "15.7.5"
  resolved "https://registry.yarnpkg.com/@types/prop-types/-/prop-types-15.7.5.tgz#5f19d2b85a98e9558036f6a3cacc8819420f05cf"
  integrity sha512-JCB8C6SnDoQf0cNycqd/35A7MjcnK+ZTqE7judS6o7utxUCg6imJg3QK2qzHKszlTjcj2cn+NwMB2i96ubpj7w==

"@types/react-dom@18.0.10":
  version "18.0.10"
  resolved "https://registry.yarnpkg.com/@types/react-dom/-/react-dom-18.0.10.tgz#3b66dec56aa0f16a6cc26da9e9ca96c35c0b4352"
  integrity sha512-E42GW/JA4Qv15wQdqJq8DL4JhNpB3prJgjgapN3qJT9K2zO5IIAQh4VXvCEDupoqAwnz0cY4RlXeC/ajX5SFHg==
  dependencies:
    "@types/react" "*"

"@types/react@*", "@types/react@18.0.26":
  version "18.0.26"
  resolved "https://registry.yarnpkg.com/@types/react/-/react-18.0.26.tgz#8ad59fc01fef8eaf5c74f4ea392621749f0b7917"
  integrity sha512-hCR3PJQsAIXyxhTNSiDFY//LhnMZWpNNr5etoCqx/iUfGc5gXWtQR2Phl908jVR6uPXacojQWTg4qRpkxTuGug==
  dependencies:
    "@types/prop-types" "*"
    "@types/scheduler" "*"
    csstype "^3.0.2"

"@types/scheduler@*":
  version "0.16.2"
  resolved "https://registry.yarnpkg.com/@types/scheduler/-/scheduler-0.16.2.tgz#1a62f89525723dde24ba1b01b092bf5df8ad4d39"
  integrity sha512-hppQEBDmlwhFAXKJX2KnWLYu5yMfi91yazPb2l+lbJiwW+wdo1gNeRA+3RgNSO39WYX2euey41KEwnqesU2Jew==

antd@^5.1.0:
  version "5.1.0"
  resolved "https://registry.yarnpkg.com/antd/-/antd-5.1.0.tgz#fb78323c4662dda3279240b5bff5694c175e3e75"
  integrity sha512-eN0x+iL3FwxhW57OXZK0EYQ+ltWupG56tgB6KlDChZoI7nQ5IA9dlpYirFLG8R2yhCdEl9yBe/HzWapr1TyCig==
  dependencies:
    "@ant-design/colors" "^6.0.0"
    "@ant-design/cssinjs" "^1.0.0"
    "@ant-design/icons" "^4.7.0"
    "@ant-design/react-slick" "~1.0.0"
    "@babel/runtime" "^7.18.3"
    "@ctrl/tinycolor" "^3.4.0"
    "@rc-component/tour" "~1.1.0"
    classnames "^2.2.6"
    copy-to-clipboard "^3.2.0"
    dayjs "^1.11.1"
    qrcode.react "^3.1.0"
    rc-cascader "~3.8.0"
    rc-checkbox "~2.3.0"
    rc-collapse "~3.4.2"
    rc-dialog "~9.0.2"
    rc-drawer "~6.1.0"
    rc-dropdown "~4.0.0"
    rc-field-form "~1.27.0"
    rc-image "~5.12.0"
    rc-input "~0.1.4"
    rc-input-number "~7.4.0"
    rc-mentions "~1.13.1"
    rc-menu "~9.8.0"
    rc-motion "^2.6.1"
    rc-notification "~5.0.0-alpha.9"
    rc-pagination "~3.2.0"
    rc-picker "~3.1.1"
    rc-progress "~3.4.1"
    rc-rate "~2.9.0"
    rc-resize-observer "^1.2.0"
    rc-segmented "~2.1.0"
    rc-select "~14.2.0"
    rc-slider "~10.0.0"
    rc-steps "~6.0.0-alpha.2"
    rc-switch "~4.0.0"
    rc-table "~7.28.2"
    rc-tabs "~12.5.1"
    rc-textarea "~0.4.5"
    rc-tooltip "~5.2.0"
    rc-tree "~5.7.0"
    rc-tree-select "~5.6.0"
    rc-trigger "^5.2.10"
    rc-upload "~4.3.0"
    rc-util "^5.25.2"
    scroll-into-view-if-needed "^3.0.3"
    shallowequal "^1.1.0"
    throttle-debounce "^5.0.0"

anymatch@~3.1.2:
  version "3.1.3"
  resolved "https://registry.yarnpkg.com/anymatch/-/anymatch-3.1.3.tgz#790c58b19ba1720a84205b57c618d5ad8524973e"
  integrity sha512-KMReFUr0B4t+D+OBkjR3KYqvocp2XaSzO55UcB6mgQMd3KbcE+mWTyvVV7D/zsdEbNnV6acZUutkiHQXvTr1Rw==
  dependencies:
    normalize-path "^3.0.0"
    picomatch "^2.0.4"

array-tree-filter@^2.1.0:
  version "2.1.0"
  resolved "https://registry.yarnpkg.com/array-tree-filter/-/array-tree-filter-2.1.0.tgz#873ac00fec83749f255ac8dd083814b4f6329190"
  integrity sha512-4ROwICNlNw/Hqa9v+rk5h22KjmzB1JGTMVKP2AKJBOCgb0yL0ASf0+YvCcLNNwquOHNX48jkeZIJ3a+oOQqKcw==

async-validator@^4.1.0:
  version "4.2.5"
  resolved "https://registry.yarnpkg.com/async-validator/-/async-validator-4.2.5.tgz#c96ea3332a521699d0afaaceed510a54656c6339"
  integrity sha512-7HhHjtERjqlNbZtqNqy2rckN/SpOOlmDliet+lP7k+eKZEjPk3DgyeU9lIXLdeLz0uBbbVp+9Qdow9wJWgwwfg==

binary-extensions@^2.0.0:
  version "2.2.0"
  resolved "https://registry.yarnpkg.com/binary-extensions/-/binary-extensions-2.2.0.tgz#75f502eeaf9ffde42fc98829645be4ea76bd9e2d"
  integrity sha512-jDctJ/IVQbZoJykoeHbhXpOlNBqGNcwXJKJog42E5HDPUwQTSdjCHdihjj0DlnheQ7blbT6dHOafNAiS8ooQKA==

braces@~3.0.2:
  version "3.0.2"
  resolved "https://registry.yarnpkg.com/braces/-/braces-3.0.2.tgz#3454e1a462ee8d599e236df336cd9ea4f8afe107"
  integrity sha512-b8um+L1RzM3WDSzvhm6gIz1yfTbBt6YTlcEKAvsmqCZZFw46z626lVj9j1yEPW33H5H+lBQpZMP1k8l+78Ha0A==
  dependencies:
    fill-range "^7.0.1"

caniuse-lite@^1.0.30001406:
  version "1.0.30001441"
  resolved "https://registry.yarnpkg.com/caniuse-lite/-/caniuse-lite-1.0.30001441.tgz#987437b266260b640a23cd18fbddb509d7f69f3e"
  integrity sha512-OyxRR4Vof59I3yGWXws6i908EtGbMzVUi3ganaZQHmydk1iwDhRnvaPG2WaR0KcqrDFKrxVZHULT396LEPhXfg==

"chokidar@>=3.0.0 <4.0.0":
  version "3.5.3"
  resolved "https://registry.yarnpkg.com/chokidar/-/chokidar-3.5.3.tgz#1cf37c8707b932bd1af1ae22c0432e2acd1903bd"
  integrity sha512-Dr3sfKRP6oTcjf2JmUmFJfeVMvXBdegxB0iVQ5eb2V10uFJUCAS8OByZdVAyVb8xXNz3GjjTgj9kLWsZTqE6kw==
  dependencies:
    anymatch "~3.1.2"
    braces "~3.0.2"
    glob-parent "~5.1.2"
    is-binary-path "~2.1.0"
    is-glob "~4.0.1"
    normalize-path "~3.0.0"
    readdirp "~3.6.0"
  optionalDependencies:
    fsevents "~2.3.2"

classnames@2.x, classnames@^2.2.1, classnames@^2.2.3, classnames@^2.2.5, classnames@^2.2.6, classnames@^2.3.1, classnames@^2.3.2:
  version "2.3.2"
  resolved "https://registry.yarnpkg.com/classnames/-/classnames-2.3.2.tgz#351d813bf0137fcc6a76a16b88208d2560a0d924"
  integrity sha512-CSbhY4cFEJRe6/GQzIk5qXZ4Jeg5pcsP7b5peFSDpffpe1cqjASH/n9UTjBwOp6XpMSTwQ8Za2K5V02ueA7Tmw==

client-only@0.0.1:
  version "0.0.1"
  resolved "https://registry.yarnpkg.com/client-only/-/client-only-0.0.1.tgz#38bba5d403c41ab150bff64a95c85013cf73bca1"
  integrity sha512-IV3Ou0jSMzZrd3pZ48nLkT9DA7Ag1pnPzaiQhpW7c3RbcqqzvzzVu+L8gfqMp/8IM2MQtSiqaCxrrcfu8I8rMA==

compute-scroll-into-view@^2.0.2:
  version "2.0.3"
  resolved "https://registry.yarnpkg.com/compute-scroll-into-view/-/compute-scroll-into-view-2.0.3.tgz#e78c9804a2396a7a47159523b23b0695ad2391cc"
  integrity sha512-mj/AjC7WqXeVlUB6zUq5Qrivb6et0kyasDQcbCWLDusYUqaXng+BfOnhCdRqPOa5/dWNn5e9+u40H6w2BYRdNQ==

copy-to-clipboard@^3.2.0:
  version "3.3.3"
  resolved "https://registry.yarnpkg.com/copy-to-clipboard/-/copy-to-clipboard-3.3.3.tgz#55ac43a1db8ae639a4bd99511c148cdd1b83a1b0"
  integrity sha512-2KV8NhB5JqC3ky0r9PMCAZKbUHSwtEo4CwCs0KXgruG43gX5PMqDEBbVU4OUzw2MuAWUfsuFmWvEKG5QRfSnJA==
  dependencies:
    toggle-selection "^1.0.6"

csstype@^3.0.10, csstype@^3.0.2:
  version "3.1.1"
  resolved "https://registry.yarnpkg.com/csstype/-/csstype-3.1.1.tgz#841b532c45c758ee546a11d5bd7b7b473c8c30b9"
  integrity sha512-DJR/VvkAvSZW9bTouZue2sSxDwdTN92uHjqeKVm+0dAqdfNykRzQ95tay8aXMBAAPpUiq4Qcug2L7neoRh2Egw==

dayjs@^1.11.1:
  version "1.11.7"
  resolved "https://registry.yarnpkg.com/dayjs/-/dayjs-1.11.7.tgz#4b296922642f70999544d1144a2c25730fce63e2"
  integrity sha512-+Yw9U6YO5TQohxLcIkrXBeY73WP3ejHWVvx8XCk3gxvQDCTEmS48ZrSZCKciI7Bhl/uCMyxYtE9UqRILmFphkQ==

dom-align@^1.7.0:
  version "1.12.4"
  resolved "https://registry.yarnpkg.com/dom-align/-/dom-align-1.12.4.tgz#3503992eb2a7cfcb2ed3b2a6d21e0b9c00d54511"
  integrity sha512-R8LUSEay/68zE5c8/3BDxiTEvgb4xZTF0RKmAHfiEVN3klfIpXfi2/QCoiWPccVQ0J/ZGdz9OjzL4uJEP/MRAw==

fill-range@^7.0.1:
  version "7.0.1"
  resolved "https://registry.yarnpkg.com/fill-range/-/fill-range-7.0.1.tgz#1919a6a7c75fe38b2c7c77e5198535da9acdda40"
  integrity sha512-qOo9F+dMUmC2Lcb4BbVvnKJxTPjCm+RRpe4gDuGrzkL7mEVl/djYSu2OdQ2Pa302N4oqkSg9ir6jaLWJ2USVpQ==
  dependencies:
    to-regex-range "^5.0.1"

fsevents@~2.3.2:
  version "2.3.2"
  resolved "https://registry.yarnpkg.com/fsevents/-/fsevents-2.3.2.tgz#8a526f78b8fdf4623b709e0b975c52c24c02fd1a"
  integrity sha512-xiqMQR4xAeHTuB9uWm+fFRcIOgKBMiOBP+eXiyT7jsgVCq1bkVygt00oASowB7EdtpOHaaPgKt812P9ab+DDKA==

glob-parent@~5.1.2:
  version "5.1.2"
  resolved "https://registry.yarnpkg.com/glob-parent/-/glob-parent-5.1.2.tgz#869832c58034fe68a4093c17dc15e8340d8401c4"
  integrity sha512-AOIgSQCepiJYwP3ARnGx+5VnTu2HBYdzbGP45eLw1vr3zB3vZLeyed1sC9hnbcOc9/SrMyM5RPQrkGz4aS9Zow==
  dependencies:
    is-glob "^4.0.1"

immutable@^4.0.0:
  version "4.2.1"
  resolved "https://registry.yarnpkg.com/immutable/-/immutable-4.2.1.tgz#8a4025691018c560a40c67e43d698f816edc44d4"
  integrity sha512-7WYV7Q5BTs0nlQm7tl92rDYYoyELLKHoDMBKhrxEoiV4mrfVdRz8hzPiYOzH7yWjzoVEamxRuAqhxL2PLRwZYQ==

is-binary-path@~2.1.0:
  version "2.1.0"
  resolved "https://registry.yarnpkg.com/is-binary-path/-/is-binary-path-2.1.0.tgz#ea1f7f3b80f064236e83470f86c09c254fb45b09"
  integrity sha512-ZMERYes6pDydyuGidse7OsHxtbI7WVeUEozgR/g7rd0xUimYNlvZRE/K2MgZTjWy725IfelLeVcEM97mmtRGXw==
  dependencies:
    binary-extensions "^2.0.0"

is-extglob@^2.1.1:
  version "2.1.1"
  resolved "https://registry.yarnpkg.com/is-extglob/-/is-extglob-2.1.1.tgz#a88c02535791f02ed37c76a1b9ea9773c833f8c2"
  integrity sha512-SbKbANkN603Vi4jEZv49LeVJMn4yGwsbzZworEoyEiutsN3nJYdbO36zfhGJ6QEDpOZIFkDtnq5JRxmvl3jsoQ==

is-glob@^4.0.1, is-glob@~4.0.1:
  version "4.0.3"
  resolved "https://registry.yarnpkg.com/is-glob/-/is-glob-4.0.3.tgz#64f61e42cbbb2eec2071a9dac0b28ba1e65d5084"
  integrity sha512-xelSayHH36ZgE7ZWhli7pW34hNbNl8Ojv5KVmkJD4hBdD3th8Tfk9vYasLM+mXWOZhFkgZfxhLSnrwRr4elSSg==
  dependencies:
    is-extglob "^2.1.1"

is-number@^7.0.0:
  version "7.0.0"
  resolved "https://registry.yarnpkg.com/is-number/-/is-number-7.0.0.tgz#7535345b896734d5f80c4d06c50955527a14f12b"
  integrity sha512-41Cifkg6e8TylSpdtTpeLVMqvSBEVzTttHvERD741+pnZ8ANv0004MRL43QKPDlK9cGvNp6NZWZUBlbGXYxxng==

"js-tokens@^3.0.0 || ^4.0.0":
  version "4.0.0"
  resolved "https://registry.yarnpkg.com/js-tokens/-/js-tokens-4.0.0.tgz#19203fb59991df98e3a287050d4647cdeaf32499"
  integrity sha512-RdJUflcE3cUzKiMqQgsCu06FPu9UdIJO0beYbPhHN4k6apgJtifcoCtT9bcxOpYBtpD2kCM6Sbzg4CausW/PKQ==

json2mq@^0.2.0:
  version "0.2.0"
  resolved "https://registry.yarnpkg.com/json2mq/-/json2mq-0.2.0.tgz#b637bd3ba9eabe122c83e9720483aeb10d2c904a"
  integrity sha512-SzoRg7ux5DWTII9J2qkrZrqV1gt+rTaoufMxEzXbS26Uid0NwaJd123HcoB80TgubEppxxIGdNxCx50fEoEWQA==
  dependencies:
    string-convert "^0.2.0"

loose-envify@^1.1.0:
  version "1.4.0"
  resolved "https://registry.yarnpkg.com/loose-envify/-/loose-envify-1.4.0.tgz#71ee51fa7be4caec1a63839f7e682d8132d30caf"
  integrity sha512-lyuxPGr/Wfhrlem2CL/UcnUc1zcqKAImBDzukY7Y5F/yQiNdko6+fRLevlw1HgMySw7f611UIY408EtxRSoK3Q==
  dependencies:
    js-tokens "^3.0.0 || ^4.0.0"

nanoid@^3.3.4:
  version "3.3.4"
  resolved "https://registry.yarnpkg.com/nanoid/-/nanoid-3.3.4.tgz#730b67e3cd09e2deacf03c027c81c9d9dbc5e8ab"
  integrity sha512-MqBkQh/OHTS2egovRtLk45wEyNXwF+cokD+1YPf9u5VfJiRdAiRwB2froX5Co9Rh20xs4siNPm8naNotSD6RBw==

next@13.1.0:
  version "13.1.0"
  resolved "https://registry.yarnpkg.com/next/-/next-13.1.0.tgz#fe65eff07dbdb08c8c925876cffdaf59d4552b32"
  integrity sha512-lQMZH1V94L5IL/WaihQkTYabSY73aqgrkGPJB5uz+2O3ES4I3losV/maXLY7l7x5e+oNyE9N81upNQ8uRsR5/A==
  dependencies:
    "@next/env" "13.1.0"
    "@swc/helpers" "0.4.14"
    caniuse-lite "^1.0.30001406"
    postcss "8.4.14"
    styled-jsx "5.1.1"
  optionalDependencies:
    "@next/swc-android-arm-eabi" "13.1.0"
    "@next/swc-android-arm64" "13.1.0"
    "@next/swc-darwin-arm64" "13.1.0"
    "@next/swc-darwin-x64" "13.1.0"
    "@next/swc-freebsd-x64" "13.1.0"
    "@next/swc-linux-arm-gnueabihf" "13.1.0"
    "@next/swc-linux-arm64-gnu" "13.1.0"
    "@next/swc-linux-arm64-musl" "13.1.0"
    "@next/swc-linux-x64-gnu" "13.1.0"
    "@next/swc-linux-x64-musl" "13.1.0"
    "@next/swc-win32-arm64-msvc" "13.1.0"
    "@next/swc-win32-ia32-msvc" "13.1.0"
    "@next/swc-win32-x64-msvc" "13.1.0"

normalize-path@^3.0.0, normalize-path@~3.0.0:
  version "3.0.0"
  resolved "https://registry.yarnpkg.com/normalize-path/-/normalize-path-3.0.0.tgz#0dcd69ff23a1c9b11fd0978316644a0388216a65"
  integrity sha512-6eZs5Ls3WtCisHWp9S2GUy8dqkpGi4BVSz3GaqiE6ezub0512ESztXUwUB6C6IKbQkY2Pnb/mD4WYojCRwcwLA==

picocolors@^1.0.0:
  version "1.0.0"
  resolved "https://registry.yarnpkg.com/picocolors/-/picocolors-1.0.0.tgz#cb5bdc74ff3f51892236eaf79d68bc44564ab81c"
  integrity sha512-1fygroTLlHu66zi26VoTDv8yRgm0Fccecssto+MhsZ0D/DGW2sm8E8AjW7NU5VVTRt5GxbeZ5qBuJr+HyLYkjQ==

picomatch@^2.0.4, picomatch@^2.2.1:
  version "2.3.1"
  resolved "https://registry.yarnpkg.com/picomatch/-/picomatch-2.3.1.tgz#3ba3833733646d9d3e4995946c1365a67fb07a42"
  integrity sha512-JU3teHTNjmE2VCGFzuY8EXzCDVwEqB2a8fsIvwaStHhAWJEeVd1o1QD80CU6+ZdEXXSLbSsuLwJjkCBWqRQUVA==

postcss@8.4.14:
  version "8.4.14"
  resolved "https://registry.yarnpkg.com/postcss/-/postcss-8.4.14.tgz#ee9274d5622b4858c1007a74d76e42e56fd21caf"
  integrity sha512-E398TUmfAYFPBSdzgeieK2Y1+1cpdxJx8yXbK/m57nRhKSmk1GB2tO4lbLBtlkfPQTDKfe4Xqv1ASWPpayPEig==
  dependencies:
    nanoid "^3.3.4"
    picocolors "^1.0.0"
    source-map-js "^1.0.2"

qrcode.react@^3.1.0:
  version "3.1.0"
  resolved "https://registry.yarnpkg.com/qrcode.react/-/qrcode.react-3.1.0.tgz#5c91ddc0340f768316fbdb8fff2765134c2aecd8"
  integrity sha512-oyF+Urr3oAMUG/OiOuONL3HXM+53wvuH3mtIWQrYmsXoAq0DkvZp2RYUWFSMFtbdOpuS++9v+WAkzNVkMlNW6Q==

rc-align@^4.0.0:
  version "4.0.15"
  resolved "https://registry.yarnpkg.com/rc-align/-/rc-align-4.0.15.tgz#2bbd665cf85dfd0b0244c5a752b07565e9098577"
  integrity sha512-wqJtVH60pka/nOX7/IspElA8gjPNQKIx/ZqJ6heATCkXpe1Zg4cPVrMD2vC96wjsFFL8WsmhPbx9tdMo1qqlIA==
  dependencies:
    "@babel/runtime" "^7.10.1"
    classnames "2.x"
    dom-align "^1.7.0"
    rc-util "^5.26.0"
    resize-observer-polyfill "^1.5.1"

rc-cascader@~3.8.0:
  version "3.8.0"
  resolved "https://registry.yarnpkg.com/rc-cascader/-/rc-cascader-3.8.0.tgz#5eaca8998b2e3f5692d13f16bfe2346eccc87c6a"
  integrity sha512-zCz/NzsNRQ1TIfiR3rQNxjeRvgRHEkNdo0FjHQZ6Ay6n4tdCmMrM7+81ThNaf21JLQ1gS2AUG2t5uikGV78obA==
  dependencies:
    "@babel/runtime" "^7.12.5"
    array-tree-filter "^2.1.0"
    classnames "^2.3.1"
    rc-select "~14.2.0"
    rc-tree "~5.7.0"
    rc-util "^5.6.1"

rc-checkbox@~2.3.0:
  version "2.3.2"
  resolved "https://registry.yarnpkg.com/rc-checkbox/-/rc-checkbox-2.3.2.tgz#f91b3678c7edb2baa8121c9483c664fa6f0aefc1"
  integrity sha512-afVi1FYiGv1U0JlpNH/UaEXdh6WUJjcWokj/nUN2TgG80bfG+MDdbfHKlLcNNba94mbjy2/SXJ1HDgrOkXGAjg==
  dependencies:
    "@babel/runtime" "^7.10.1"
    classnames "^2.2.1"

rc-collapse@~3.4.2:
  version "3.4.2"
  resolved "https://registry.yarnpkg.com/rc-collapse/-/rc-collapse-3.4.2.tgz#1310be7ad4cd0dcfc622c45f6c3b5ffdee403ad7"
  integrity sha512-jpTwLgJzkhAgp2Wpi3xmbTbbYExg6fkptL67Uu5LCRVEj6wqmy0DHTjjeynsjOLsppHGHu41t1ELntZ0lEvS/Q==
  dependencies:
    "@babel/runtime" "^7.10.1"
    classnames "2.x"
    rc-motion "^2.3.4"
    rc-util "^5.2.1"
    shallowequal "^1.1.0"

rc-dialog@~9.0.0, rc-dialog@~9.0.2:
  version "9.0.2"
  resolved "https://registry.yarnpkg.com/rc-dialog/-/rc-dialog-9.0.2.tgz#aadfebdeba145f256c1fac9b9f509f893cdbb5b8"
  integrity sha512-s3U+24xWUuB6Bn2Lk/Qt6rufy+uT+QvWkiFhNBcO9APLxcFFczWamaq7x9h8SCuhfc1nHcW4y8NbMsnAjNnWyg==
  dependencies:
    "@babel/runtime" "^7.10.1"
    "@rc-component/portal" "^1.0.0-8"
    classnames "^2.2.6"
    rc-motion "^2.3.0"
    rc-util "^5.21.0"

rc-drawer@~6.1.0:
  version "6.1.1"
  resolved "https://registry.yarnpkg.com/rc-drawer/-/rc-drawer-6.1.1.tgz#c53548365de225b5cdb63dcc5148146375ddd11b"
  integrity sha512-w2SZHY05/gjcVacJLkr+MrJKOF5d7Qmn1zWjFVhmfA66eI25RERajumHz1OI/94MJSlUPuZtGr+a5B+8gR7AFQ==
  dependencies:
    "@babel/runtime" "^7.10.1"
    "@rc-component/portal" "^1.0.0-6"
    classnames "^2.2.6"
    rc-motion "^2.6.1"
    rc-util "^5.21.2"

rc-dropdown@~4.0.0:
  version "4.0.1"
  resolved "https://registry.yarnpkg.com/rc-dropdown/-/rc-dropdown-4.0.1.tgz#f65d9d3d89750241057db59d5a75e43cd4576b68"
  integrity sha512-OdpXuOcme1rm45cR0Jzgfl1otzmU4vuBVb+etXM8vcaULGokAKVpKlw8p6xzspG7jGd/XxShvq+N3VNEfk/l5g==
  dependencies:
    "@babel/runtime" "^7.18.3"
    classnames "^2.2.6"
    rc-trigger "^5.3.1"
    rc-util "^5.17.0"

rc-field-form@~1.27.0:
  version "1.27.3"
  resolved "https://registry.yarnpkg.com/rc-field-form/-/rc-field-form-1.27.3.tgz#e5262796b91c80848a42a3e7a669bf459f08d63d"
  integrity sha512-HGqxHnmGQgkPApEcikV4qTg3BLPC82uB/cwBDftDt1pYaqitJfSl5TFTTUMKVEJVT5RqJ2Zi68ME1HmIMX2HAw==
  dependencies:
    "@babel/runtime" "^7.18.0"
    async-validator "^4.1.0"
    rc-util "^5.8.0"

rc-image@~5.12.0:
  version "5.12.2"
  resolved "https://registry.yarnpkg.com/rc-image/-/rc-image-5.12.2.tgz#ccaab23fc0f0eb2351724dc0247503022c1dda90"
  integrity sha512-12OCOspbN2AW2L1w+7vnYc+k0RexenqfQZIvq3WyYODp9GnTN4GLV8juekm3Apc/pwdfBSp0The1FZ5KXEozhg==
  dependencies:
    "@babel/runtime" "^7.11.2"
    "@rc-component/portal" "^1.0.2"
    classnames "^2.2.6"
    rc-dialog "~9.0.0"
    rc-motion "^2.6.2"
    rc-util "^5.0.6"

rc-input-number@~7.4.0:
  version "7.4.0"
  resolved "https://registry.yarnpkg.com/rc-input-number/-/rc-input-number-7.4.0.tgz#b8b4ffa8bbc04198e79ce8b9611756d046d128ec"
  integrity sha512-r/Oub/sPYbzqLNUOHnnc9sbCu78a81KX+RCbRwmpvB4W6nptUySbdWS5KHV4Hak5CAE1LAd+wWm5JjvZizG1FA==
  dependencies:
    "@babel/runtime" "^7.10.1"
    "@rc-component/mini-decimal" "^1.0.1"
    classnames "^2.2.5"
    rc-util "^5.23.0"

rc-input@~0.1.4:
  version "0.1.4"
  resolved "https://registry.yarnpkg.com/rc-input/-/rc-input-0.1.4.tgz#45cb4ba209ae6cc835a2acb8629d4f8f0cb347e0"
  integrity sha512-FqDdNz+fV2dKNgfXzcSLKvC+jEs1709t7nD+WdfjrdSaOcefpgc7BUJYadc3usaING+b7ediMTfKxuJBsEFbXA==
  dependencies:
    "@babel/runtime" "^7.11.1"
    classnames "^2.2.1"
    rc-util "^5.18.1"

rc-mentions@~1.13.1:
  version "1.13.1"
  resolved "https://registry.yarnpkg.com/rc-mentions/-/rc-mentions-1.13.1.tgz#c884b70e1505a197f1b32a7c6b39090db6992a72"
  integrity sha512-FCkaWw6JQygtOz0+Vxz/M/NWqrWHB9LwqlY2RtcuFqWJNFK9njijOOzTSsBGANliGufVUzx/xuPHmZPBV0+Hgw==
  dependencies:
    "@babel/runtime" "^7.10.1"
    classnames "^2.2.6"
    rc-menu "~9.8.0"
    rc-textarea "^0.4.0"
    rc-trigger "^5.0.4"
    rc-util "^5.22.5"

rc-menu@~9.8.0:
  version "9.8.1"
  resolved "https://registry.yarnpkg.com/rc-menu/-/rc-menu-9.8.1.tgz#988cd807f78d2f92eab686f6813f50b165f78405"
  integrity sha512-179weouypfjWJSRvvoo/vPy+StojsMzK2XC5jRNhL1ryt/N/8wAFESte8K6jZJkNp9DHDLFTe+dCGmikKpiFuA==
  dependencies:
    "@babel/runtime" "^7.10.1"
    classnames "2.x"
    rc-motion "^2.4.3"
    rc-overflow "^1.2.8"
    rc-trigger "^5.1.2"
    rc-util "^5.12.0"
    shallowequal "^1.1.0"

rc-motion@^2.0.0, rc-motion@^2.0.1, rc-motion@^2.3.0, rc-motion@^2.3.4, rc-motion@^2.4.3, rc-motion@^2.4.4, rc-motion@^2.6.0, rc-motion@^2.6.1, rc-motion@^2.6.2:
  version "2.6.2"
  resolved "https://registry.yarnpkg.com/rc-motion/-/rc-motion-2.6.2.tgz#3d31f97e41fb8e4f91a4a4189b6a98ac63342869"
  integrity sha512-4w1FaX3dtV749P8GwfS4fYnFG4Rb9pxvCYPc/b2fw1cmlHJWNNgOFIz7ysiD+eOrzJSvnLJWlNQQncpNMXwwpg==
  dependencies:
    "@babel/runtime" "^7.11.1"
    classnames "^2.2.1"
    rc-util "^5.21.0"

rc-notification@~5.0.0-alpha.9:
  version "5.0.0-alpha.9"
  resolved "https://registry.yarnpkg.com/rc-notification/-/rc-notification-5.0.0-alpha.9.tgz#e6fbf5cc786e508f022691a61a03c0473f5ca7b0"
  integrity sha512-QPvq8VHe2M0SE5DHJf7ADWlvfWKnTsj5FVxcu39gdjX98kKmi+BHY1eTPAQkkdGqd6ZXv6xXHl8qKHyWhQcFPA==
  dependencies:
    "@babel/runtime" "^7.10.1"
    classnames "2.x"
    rc-motion "^2.6.0"
    rc-util "^5.20.1"

rc-overflow@^1.0.0, rc-overflow@^1.2.8:
  version "1.2.8"
  resolved "https://registry.yarnpkg.com/rc-overflow/-/rc-overflow-1.2.8.tgz#40f140fabc244118543e627cdd1ef750d9481a88"
  integrity sha512-QJ0UItckWPQ37ZL1dMEBAdY1dhfTXFL9k6oTTcyydVwoUNMnMqCGqnRNA98axSr/OeDKqR6DVFyi8eA5RQI/uQ==
  dependencies:
    "@babel/runtime" "^7.11.1"
    classnames "^2.2.1"
    rc-resize-observer "^1.0.0"
    rc-util "^5.19.2"

rc-pagination@~3.2.0:
  version "3.2.0"
  resolved "https://registry.yarnpkg.com/rc-pagination/-/rc-pagination-3.2.0.tgz#4f2fdba9fdac0f48e5c9fb1141973818138af7e1"
  integrity sha512-5tIXjB670WwwcAJzAqp2J+cOBS9W3cH/WU1EiYwXljuZ4vtZXKlY2Idq8FZrnYBz8KhN3vwPo9CoV/SJS6SL1w==
  dependencies:
    "@babel/runtime" "^7.10.1"
    classnames "^2.2.1"

rc-picker@~3.1.1:
  version "3.1.4"
  resolved "https://registry.yarnpkg.com/rc-picker/-/rc-picker-3.1.4.tgz#4806dc36a78424abaee610830777c8e22a23c74c"
  integrity sha512-4qANXNc3C02YENNQvun329zf9VLvSQ2W8RkKQRu8k1P+EtSGqe3klcAKCfz/1TuCiDvgRjJlzRmyZAkwvsbI8w==
  dependencies:
    "@babel/runtime" "^7.10.1"
    classnames "^2.2.1"
    rc-trigger "^5.0.4"
    rc-util "^5.4.0"
    shallowequal "^1.1.0"

rc-progress@~3.4.1:
  version "3.4.1"
  resolved "https://registry.yarnpkg.com/rc-progress/-/rc-progress-3.4.1.tgz#a9ffe099e88a4fc03afb09d8603162bf0760d743"
  integrity sha512-eAFDHXlk8aWpoXl0llrenPMt9qKHQXphxcVsnKs0FHC6eCSk1ebJtyaVjJUzKe0233ogiLDeEFK1Uihz3s67hw==
  dependencies:
    "@babel/runtime" "^7.10.1"
    classnames "^2.2.6"
    rc-util "^5.16.1"

rc-rate@~2.9.0:
  version "2.9.2"
  resolved "https://registry.yarnpkg.com/rc-rate/-/rc-rate-2.9.2.tgz#4a58965d1ecf91896ebae01d458b59056df0b4ea"
  integrity sha512-SaiZFyN8pe0Fgphv8t3+kidlej+cq/EALkAJAc3A0w0XcPaH2L1aggM8bhe1u6GAGuQNAoFvTLjw4qLPGRKV5g==
  dependencies:
    "@babel/runtime" "^7.10.1"
    classnames "^2.2.5"
    rc-util "^5.0.1"

rc-resize-observer@^1.0.0, rc-resize-observer@^1.1.0, rc-resize-observer@^1.2.0:
  version "1.2.0"
  resolved "https://registry.yarnpkg.com/rc-resize-observer/-/rc-resize-observer-1.2.0.tgz#9f46052f81cdf03498be35144cb7c53fd282c4c7"
  integrity sha512-6W+UzT3PyDM0wVCEHfoW3qTHPTvbdSgiA43buiy8PzmeMnfgnDeb9NjdimMXMl3/TcrvvWl5RRVdp+NqcR47pQ==
  dependencies:
    "@babel/runtime" "^7.10.1"
    classnames "^2.2.1"
    rc-util "^5.15.0"
    resize-observer-polyfill "^1.5.1"

rc-segmented@~2.1.0:
  version "2.1.0"
  resolved "https://registry.yarnpkg.com/rc-segmented/-/rc-segmented-2.1.0.tgz#0e0afe646c1a0e44a0e18785f518c42633ec8efc"
  integrity sha512-hUlonro+pYoZcwrH6Vm56B2ftLfQh046hrwif/VwLIw1j3zGt52p5mREBwmeVzXnSwgnagpOpfafspzs1asjGw==
  dependencies:
    "@babel/runtime" "^7.11.1"
    classnames "^2.2.1"
    rc-motion "^2.4.4"
    rc-util "^5.17.0"

rc-select@~14.2.0:
  version "14.2.0"
  resolved "https://registry.yarnpkg.com/rc-select/-/rc-select-14.2.0.tgz#60e83a7d5a5dae7fd9e3918d9b209074ea2c92d4"
  integrity sha512-tvxHmbAA0EIhBkB7dyaRhcBUIWHocQbUFY/fBlezj2jg5p65a5VQ/UhBg2I9TA1wjpsr5CCx0ruZPkYcUMjDoQ==
  dependencies:
    "@babel/runtime" "^7.10.1"
    classnames "2.x"
    rc-motion "^2.0.1"
    rc-overflow "^1.0.0"
    rc-trigger "^5.0.4"
    rc-util "^5.16.1"
    rc-virtual-list "^3.4.13"

rc-slider@~10.0.0:
  version "10.0.1"
  resolved "https://registry.yarnpkg.com/rc-slider/-/rc-slider-10.0.1.tgz#7058c68ff1e1aa4e7c3536e5e10128bdbccb87f9"
  integrity sha512-igTKF3zBet7oS/3yNiIlmU8KnZ45npmrmHlUUio8PNbIhzMcsh+oE/r2UD42Y6YD2D/s+kzCQkzQrPD6RY435Q==
  dependencies:
    "@babel/runtime" "^7.10.1"
    classnames "^2.2.5"
    rc-util "^5.18.1"
    shallowequal "^1.1.0"

rc-steps@~6.0.0-alpha.2:
  version "6.0.0-alpha.2"
  resolved "https://registry.yarnpkg.com/rc-steps/-/rc-steps-6.0.0-alpha.2.tgz#505e64177111becd911cef4d24f15477438c9e59"
  integrity sha512-d/GPx7ATlPbtFeOVt5FB19W11OBCmRd7lLknt4aSoCI6ukwJqpEhWu2INN4pDOQqN04y3PDsWl1q9hnw+ZC5AA==
  dependencies:
    "@babel/runtime" "^7.16.7"
    classnames "^2.2.3"
    rc-util "^5.16.1"

rc-switch@~4.0.0:
  version "4.0.0"
  resolved "https://registry.yarnpkg.com/rc-switch/-/rc-switch-4.0.0.tgz#55fbf99fc2d680791175037d379e170ba51fbe78"
  integrity sha512-IfrYC99vN0gKaTyjQdqYuADU0eH00SAFHg3jOp8HrmUpJruhV1SohJzrCbPqPraZeX/6X/QKkdLfkdnUub05WA==
  dependencies:
    "@babel/runtime" "^7.10.1"
    classnames "^2.2.1"
    rc-util "^5.0.1"

rc-table@~7.28.2:
  version "7.28.3"
  resolved "https://registry.yarnpkg.com/rc-table/-/rc-table-7.28.3.tgz#826c789b1cf8ed93137aa488919cf6d9a5f0b9bc"
  integrity sha512-jiPtBDqcs0wF0KOJgkhDgxN6+vq4jHbteddE15IR6RajlVkAk+kRIecyBY28b+vg199yQiu/NGuSRKJKEGOWBQ==
  dependencies:
    "@babel/runtime" "^7.10.1"
    classnames "^2.2.5"
    rc-resize-observer "^1.1.0"
    rc-util "^5.22.5"
    shallowequal "^1.1.0"

rc-tabs@~12.5.1:
  version "12.5.3"
  resolved "https://registry.yarnpkg.com/rc-tabs/-/rc-tabs-12.5.3.tgz#03b3ede27c0b1e31fb82453b46056a61e89a9536"
  integrity sha512-74ezAR19bzb1S5Zw+3DaSr2hPZmMnjFbEpNlVAA7cHK5nyrvN21O+QaFtx9hlODQRIYnF/rPb4FeOTmpJLLL3Q==
  dependencies:
    "@babel/runtime" "^7.11.2"
    classnames "2.x"
    rc-dropdown "~4.0.0"
    rc-menu "~9.8.0"
    rc-motion "^2.6.2"
    rc-resize-observer "^1.0.0"
    rc-util "^5.16.0"

rc-textarea@^0.4.0, rc-textarea@~0.4.5:
  version "0.4.7"
  resolved "https://registry.yarnpkg.com/rc-textarea/-/rc-textarea-0.4.7.tgz#627f662d46f99e0059d1c1ebc8db40c65339fe90"
  integrity sha512-IQPd1CDI3mnMlkFyzt2O4gQ2lxUsnBAeJEoZGJnkkXgORNqyM9qovdrCj9NzcRfpHgLdzaEbU3AmobNFGUznwQ==
  dependencies:
    "@babel/runtime" "^7.10.1"
    classnames "^2.2.1"
    rc-resize-observer "^1.0.0"
    rc-util "^5.24.4"
    shallowequal "^1.1.0"

rc-tooltip@~5.2.0:
  version "5.2.2"
  resolved "https://registry.yarnpkg.com/rc-tooltip/-/rc-tooltip-5.2.2.tgz#e5cafa8ecebf78108936a0bcb93c150fa81ac93b"
  integrity sha512-jtQzU/18S6EI3lhSGoDYhPqNpWajMtS5VV/ld1LwyfrDByQpYmw/LW6U7oFXXLukjfDHQ7Ju705A82PRNFWYhg==
  dependencies:
    "@babel/runtime" "^7.11.2"
    classnames "^2.3.1"
    rc-trigger "^5.0.0"

rc-tree-select@~5.6.0:
  version "5.6.0"
  resolved "https://registry.yarnpkg.com/rc-tree-select/-/rc-tree-select-5.6.0.tgz#f34147f4c14341430bcece481804496d0abd3371"
  integrity sha512-XG6pu0a9l6+mzhQqUYfR2VIONbe/3LjVc3wKt28k6uBMZsI1j+SSxRyt/7jWRq8Kok8jHJBQASlDg6ehr9Sp0w==
  dependencies:
    "@babel/runtime" "^7.10.1"
    classnames "2.x"
    rc-select "~14.2.0"
    rc-tree "~5.7.0"
    rc-util "^5.16.1"

rc-tree@~5.7.0:
  version "5.7.2"
  resolved "https://registry.yarnpkg.com/rc-tree/-/rc-tree-5.7.2.tgz#270ea7d9e1b2e5e81cd3659eba2fbd022a4831f6"
  integrity sha512-nmnL6qLnfwVckO5zoqKL2I9UhwDqzyCtjITQCkwhimyz1zfuFkG5ZPIXpzD/Guzso94qQA/QrMsvzic5W6QDjg==
  dependencies:
    "@babel/runtime" "^7.10.1"
    classnames "2.x"
    rc-motion "^2.0.1"
    rc-util "^5.16.1"
    rc-virtual-list "^3.4.8"

rc-trigger@^5.0.0, rc-trigger@^5.0.4, rc-trigger@^5.1.2, rc-trigger@^5.2.10, rc-trigger@^5.3.1, rc-trigger@^5.3.4:
  version "5.3.4"
  resolved "https://registry.yarnpkg.com/rc-trigger/-/rc-trigger-5.3.4.tgz#6b4b26e32825677c837d1eb4d7085035eecf9a61"
  integrity sha512-mQv+vas0TwKcjAO2izNPkqR4j86OemLRmvL2nOzdP9OWNWA1ivoTt5hzFqYNW9zACwmTezRiN8bttrC7cZzYSw==
  dependencies:
    "@babel/runtime" "^7.18.3"
    classnames "^2.2.6"
    rc-align "^4.0.0"
    rc-motion "^2.0.0"
    rc-util "^5.19.2"

rc-upload@~4.3.0:
  version "4.3.4"
  resolved "https://registry.yarnpkg.com/rc-upload/-/rc-upload-4.3.4.tgz#83ff7d3867631c37adbfd72ea3d1fd7e97ca84af"
  integrity sha512-uVbtHFGNjHG/RyAfm9fluXB6pvArAGyAx8z7XzXXyorEgVIWj6mOlriuDm0XowDHYz4ycNK0nE0oP3cbFnzxiQ==
  dependencies:
    "@babel/runtime" "^7.18.3"
    classnames "^2.2.5"
    rc-util "^5.2.0"

rc-util@^5.0.1, rc-util@^5.0.6, rc-util@^5.12.0, rc-util@^5.15.0, rc-util@^5.16.0, rc-util@^5.16.1, rc-util@^5.17.0, rc-util@^5.18.1, rc-util@^5.19.2, rc-util@^5.2.0, rc-util@^5.2.1, rc-util@^5.20.1, rc-util@^5.21.0, rc-util@^5.21.2, rc-util@^5.22.5, rc-util@^5.23.0, rc-util@^5.24.2, rc-util@^5.24.4, rc-util@^5.25.2, rc-util@^5.26.0, rc-util@^5.4.0, rc-util@^5.6.1, rc-util@^5.8.0, rc-util@^5.9.4:
  version "5.27.0"
  resolved "https://registry.yarnpkg.com/rc-util/-/rc-util-5.27.0.tgz#52a0793cb18d54c4318a13f8b2655d2c27105944"
  integrity sha512-lk9HnxVWdpGzkqs6OpZ+xxAHBefqy6+wT5LjSeBoaxzE0j5Tpq0Mf4TMc29B+Z0QP81yDvfgvp1O8oBxj70kEg==
  dependencies:
    "@babel/runtime" "^7.18.3"
    react-is "^16.12.0"

rc-virtual-list@^3.4.13, rc-virtual-list@^3.4.8:
  version "3.4.13"
  resolved "https://registry.yarnpkg.com/rc-virtual-list/-/rc-virtual-list-3.4.13.tgz#20acc934b263abcf7b7c161f50ef82281b2f7e8d"
  integrity sha512-cPOVDmcNM7rH6ANotanMDilW/55XnFPw0Jh/GQYtrzZSy3AmWvCnqVNyNC/pgg3lfVmX2994dlzAhuUrd4jG7w==
  dependencies:
    "@babel/runtime" "^7.20.0"
    classnames "^2.2.6"
    rc-resize-observer "^1.0.0"
    rc-util "^5.15.0"

react-dom@18.2.0:
  version "18.2.0"
  resolved "https://registry.yarnpkg.com/react-dom/-/react-dom-18.2.0.tgz#22aaf38708db2674ed9ada224ca4aa708d821e3d"
  integrity sha512-6IMTriUmvsjHUjNtEDudZfuDQUoWXVxKHhlEGSk81n4YFS+r/Kl99wXiwlVXtPBtJenozv2P+hxDsw9eA7Xo6g==
  dependencies:
    loose-envify "^1.1.0"
    scheduler "^0.23.0"

react-is@^16.12.0:
  version "16.13.1"
  resolved "https://registry.yarnpkg.com/react-is/-/react-is-16.13.1.tgz#789729a4dc36de2999dc156dd6c1d9c18cea56a4"
  integrity sha512-24e6ynE2H+OKt4kqsOvNd8kBpV65zoxbA4BVsEOB3ARVWQki/DHzaUoC5KuON/BiccDaCCTZBuOcfZs70kR8bQ==

react@18.2.0:
  version "18.2.0"
  resolved "https://registry.yarnpkg.com/react/-/react-18.2.0.tgz#555bd98592883255fa00de14f1151a917b5d77d5"
  integrity sha512-/3IjMdb2L9QbBdWiW5e3P2/npwMBaU9mHCSCUzNln0ZCYbcfTsGbTJrU/kGemdH2IWmB2ioZ+zkxtmq6g09fGQ==
  dependencies:
    loose-envify "^1.1.0"

readdirp@~3.6.0:
  version "3.6.0"
  resolved "https://registry.yarnpkg.com/readdirp/-/readdirp-3.6.0.tgz#74a370bd857116e245b29cc97340cd431a02a6c7"
  integrity sha512-hOS089on8RduqdbhvQ5Z37A0ESjsqz6qnRcffsMU3495FuTdqSm+7bhJ29JvIOsBDEEnan5DPu9t3To9VRlMzA==
  dependencies:
    picomatch "^2.2.1"

regenerator-runtime@^0.13.11:
  version "0.13.11"
  resolved "https://registry.yarnpkg.com/regenerator-runtime/-/regenerator-runtime-0.13.11.tgz#f6dca3e7ceec20590d07ada785636a90cdca17f9"
  integrity sha512-kY1AZVr2Ra+t+piVaJ4gxaFaReZVH40AKNo7UCX6W+dEwBo/2oZJzqfuN1qLq1oL45o56cPaTXELwrTh8Fpggg==

resize-observer-polyfill@^1.5.1:
  version "1.5.1"
  resolved "https://registry.yarnpkg.com/resize-observer-polyfill/-/resize-observer-polyfill-1.5.1.tgz#0e9020dd3d21024458d4ebd27e23e40269810464"
  integrity sha512-LwZrotdHOo12nQuZlHEmtuXdqGoOD0OhaxopaNFxWzInpEgaLWoVuAMbTzixuosCx2nEG58ngzW3vxdWoxIgdg==

sass@^1.57.1:
  version "1.57.1"
  resolved "https://registry.yarnpkg.com/sass/-/sass-1.57.1.tgz#dfafd46eb3ab94817145e8825208ecf7281119b5"
  integrity sha512-O2+LwLS79op7GI0xZ8fqzF7X2m/m8WFfI02dHOdsK5R2ECeS5F62zrwg/relM1rjSLy7Vd/DiMNIvPrQGsA0jw==
  dependencies:
    chokidar ">=3.0.0 <4.0.0"
    immutable "^4.0.0"
    source-map-js ">=0.6.2 <2.0.0"

scheduler@^0.23.0:
  version "0.23.0"
  resolved "https://registry.yarnpkg.com/scheduler/-/scheduler-0.23.0.tgz#ba8041afc3d30eb206a487b6b384002e4e61fdfe"
  integrity sha512-CtuThmgHNg7zIZWAXi3AsyIzA3n4xx7aNyjwC2VJldO2LMVDhFK+63xGqq6CsJH4rTAt6/M+N4GhZiDYPx9eUw==
  dependencies:
    loose-envify "^1.1.0"

scroll-into-view-if-needed@^3.0.3:
  version "3.0.3"
  resolved "https://registry.yarnpkg.com/scroll-into-view-if-needed/-/scroll-into-view-if-needed-3.0.3.tgz#57256bef78f3c3c288070d2aaa63cf547aa11e70"
  integrity sha512-QoCH0lVw0tbA7Rl6sToH7e1tO3n95Oi6JgBgC8hEpNNZUC91MfasJ/4E1ZdbzGueNDZ+Y7ObfRaelKUgTyPbJA==
  dependencies:
    compute-scroll-into-view "^2.0.2"

shallowequal@^1.1.0:
  version "1.1.0"
  resolved "https://registry.yarnpkg.com/shallowequal/-/shallowequal-1.1.0.tgz#188d521de95b9087404fd4dcb68b13df0ae4e7f8"
  integrity sha512-y0m1JoUZSlPAjXVtPPW70aZWfIL/dSP7AFkRnniLCrK/8MDKog3TySTBmckD+RObVxH0v4Tox67+F14PdED2oQ==

"source-map-js@>=0.6.2 <2.0.0", source-map-js@^1.0.2:
  version "1.0.2"
  resolved "https://registry.yarnpkg.com/source-map-js/-/source-map-js-1.0.2.tgz#adbc361d9c62df380125e7f161f71c826f1e490c"
  integrity sha512-R0XvVJ9WusLiqTCEiGCmICCMplcCkIwwR11mOSD9CR5u+IXYdiseeEuXCVAjS54zqwkLcPNnmU4OeJ6tUrWhDw==

string-convert@^0.2.0:
  version "0.2.1"
  resolved "https://registry.yarnpkg.com/string-convert/-/string-convert-0.2.1.tgz#6982cc3049fbb4cd85f8b24568b9d9bf39eeff97"
  integrity sha512-u/1tdPl4yQnPBjnVrmdLo9gtuLvELKsAoRapekWggdiQNvvvum+jYF329d84NAa660KQw7pB2n36KrIKVoXa3A==

styled-jsx@5.1.1:
  version "5.1.1"
  resolved "https://registry.yarnpkg.com/styled-jsx/-/styled-jsx-5.1.1.tgz#839a1c3aaacc4e735fed0781b8619ea5d0009d1f"
  integrity sha512-pW7uC1l4mBZ8ugbiZrcIsiIvVx1UmTfw7UkC3Um2tmfUq9Bhk8IiyEIPl6F8agHgjzku6j0xQEZbfA5uSgSaCw==
  dependencies:
    client-only "0.0.1"

stylis@^4.0.13:
  version "4.1.3"
  resolved "https://registry.yarnpkg.com/stylis/-/stylis-4.1.3.tgz#fd2fbe79f5fed17c55269e16ed8da14c84d069f7"
  integrity sha512-GP6WDNWf+o403jrEp9c5jibKavrtLW+/qYGhFxFrG8maXhwTBI7gLLhiBb0o7uFccWN+EOS9aMO6cGHWAO07OA==

throttle-debounce@^5.0.0:
  version "5.0.0"
  resolved "https://registry.yarnpkg.com/throttle-debounce/-/throttle-debounce-5.0.0.tgz#a17a4039e82a2ed38a5e7268e4132d6960d41933"
  integrity sha512-2iQTSgkkc1Zyk0MeVrt/3BvuOXYPl/R8Z0U2xxo9rjwNciaHDG3R+Lm6dh4EeUci49DanvBnuqI6jshoQQRGEg==

to-regex-range@^5.0.1:
  version "5.0.1"
  resolved "https://registry.yarnpkg.com/to-regex-range/-/to-regex-range-5.0.1.tgz#1648c44aae7c8d988a326018ed72f5b4dd0392e4"
  integrity sha512-65P7iz6X5yEr1cwcgvQxbbIw7Uk3gOy5dIdtZ4rDveLqhrdJP+Li/Hx6tyK0NEb+2GCyneCMJiGqrADCSNk8sQ==
  dependencies:
    is-number "^7.0.0"

toggle-selection@^1.0.6:
  version "1.0.6"
  resolved "https://registry.yarnpkg.com/toggle-selection/-/toggle-selection-1.0.6.tgz#6e45b1263f2017fa0acc7d89d78b15b8bf77da32"
  integrity sha512-BiZS+C1OS8g/q2RRbJmy59xpyghNBqrr6k5L/uKBGRsTfxmu3ffiRnd8mlGPUVayg8pvfi5urfnu8TU7DVOkLQ==

tslib@^2.4.0:
  version "2.4.1"
  resolved "https://registry.yarnpkg.com/tslib/-/tslib-2.4.1.tgz#0d0bfbaac2880b91e22df0768e55be9753a5b17e"
  integrity sha512-tGyy4dAjRIEwI7BzsB0lynWgOpfqjUdq91XXAlIWD2OwKBH7oCl/GZG/HT4BOHrTlPMOASlMQ7veyTqpmRcrNA==

typescript@4.9.4:
  version "4.9.4"
  resolved "https://registry.yarnpkg.com/typescript/-/typescript-4.9.4.tgz#a2a3d2756c079abda241d75f149df9d561091e78"
  integrity sha512-Uz+dTXYzxXXbsFpM86Wh3dKCxrQqUcVMxwU54orwlJjOpO3ao8L7j5lH+dWfTwgCwIuM9GQ2kvVotzYJMXTBZg==
